
Microsoft Visual Studio Solution File, Format Version 12.00
# Visual Studio 15
VisualStudioVersion = 15.0.27130.2003
MinimumVisualStudioVersion = 10.0.40219.1
Project("{FAE04EC0-301F-11D3-BF4B-00C04F79EFBC}") = "OneDriveProject", "OneDriveProject\OneDriveProject.csproj", "{7CFEFA46-40EA-4369-92E8-C75E5043A7B5}"
EndProject
Global
	GlobalSection(SolutionConfigurationPlatforms) = preSolution
		Debug|Any CPU = Debug|Any CPU
		Release|Any CPU = Release|Any CPU
	EndGlobalSection
	GlobalSection(ProjectConfigurationPlatforms) = postSolution
		{7CFEFA46-40EA-4369-92E8-C75E5043A7B5}.Debug|Any CPU.ActiveCfg = Debug|Any CPU
		{7CFEFA46-40EA-4369-92E8-C75E5043A7B5}.Debug|Any CPU.Build.0 = Debug|Any CPU
		{7CFEFA46-40EA-4369-92E8-C75E5043A7B5}.Release|Any CPU.ActiveCfg = Release|Any CPU
		{7CFEFA46-40EA-4369-92E8-C75E5043A7B5}.Release|Any CPU.Build.0 = Release|Any CPU
	EndGlobalSection
	GlobalSection(SolutionProperties) = preSolution
		HideSolutionNode = FALSE
	EndGlobalSection
	GlobalSection(ExtensibilityGlobals) = postSolution
		SolutionGuid = {46D1A430-67A0-44C0-94E4-1518C4A7867C}
	EndGlobalSection
EndGlobal
